{
  "lockfile-version": 1,
  "manifest": {
    "version": 1,
    "install": {
      "cargo": {
        "pkg-path": "cargo"
      },
      "mdbook": {
        "pkg-path": "mdbook"
      },
      "rustc": {
        "pkg-path": "rustc"
      }
    },
    "hook": {},
    "profile": {},
    "options": {
      "systems": [
        "aarch64-darwin",
        "aarch64-linux",
        "x86_64-darwin",
        "x86_64-linux"
      ]
    }
  },
  "packages": [
    {
      "attr_path": "cargo",
      "broken": false,
      "derivation": "/nix/store/l0fnr8h9l9mh3s5xfayj4lz4ynh7wj3r-cargo-1.88.0.drv",
      "description": "Downloads your Rust project's dependencies and builds your project",
      "install_id": "cargo",
      "license": "[ MIT, Apache-2.0 ]",
      "locked_url": "https://github.com/flox/nixpkgs?rev=5b09dc45f24cf32316283e62aec81ffee3c3e376",
      "name": "cargo-1.88.0",
      "pname": "cargo",
      "rev": "5b09dc45f24cf32316283e62aec81ffee3c3e376",
      "rev_count": 838708,
      "rev_date": "2025-08-03T09:47:33Z",
      "scrape_date": "2025-08-05T00:29:20.633786Z",
      "stabilities": [
        "unstable"
      ],
      "unfree": false,
      "version": "1.88.0",
      "outputs_to_install": [
        "out"
      ],
      "outputs": {
        "out": "/nix/store/3iyviwimri8mq0cqv4abg9mibkcyc1cy-cargo-1.88.0"
      },
      "system": "aarch64-darwin",
      "group": "toplevel",
      "priority": 5
    },
    {
      "attr_path": "cargo",
      "broken": false,
      "derivation": "/nix/store/9x6znj90by8zqlg4vba9pr7al6qhid30-cargo-1.88.0.drv",
      "description": "Downloads your Rust project's dependencies and builds your project",
      "install_id": "cargo",
      "license": "[ MIT, Apache-2.0 ]",
      "locked_url": "https://github.com/flox/nixpkgs?rev=5b09dc45f24cf32316283e62aec81ffee3c3e376",
      "name": "cargo-1.88.0",
      "pname": "cargo",
      "rev": "5b09dc45f24cf32316283e62aec81ffee3c3e376",
      "rev_count": 838708,
      "rev_date": "2025-08-03T09:47:33Z",
      "scrape_date": "2025-08-05T00:49:14.547017Z",
      "stabilities": [
        "unstable"
      ],
      "unfree": false,
      "version": "1.88.0",
      "outputs_to_install": [
        "out"
      ],
      "outputs": {
        "out": "/nix/store/6w7lghpjhkd5pw9y0hnnmg5w341jswyd-cargo-1.88.0"
      },
      "system": "aarch64-linux",
      "group": "toplevel",
      "priority": 5
    },
    {
      "attr_path": "cargo",
      "broken": false,
      "derivation": "/nix/store/ggvfv7hw3gd6w1jnwx67s72vcxxdcq1l-cargo-1.88.0.drv",
      "description": "Downloads your Rust project's dependencies and builds your project",
      "install_id": "cargo",
      "license": "[ MIT, Apache-2.0 ]",
      "locked_url": "https://github.com/flox/nixpkgs?rev=5b09dc45f24cf32316283e62aec81ffee3c3e376",
      "name": "cargo-1.88.0",
      "pname": "cargo",
      "rev": "5b09dc45f24cf32316283e62aec81ffee3c3e376",
      "rev_count": 838708,
      "rev_date": "2025-08-03T09:47:33Z",
      "scrape_date": "2025-08-05T01:08:48.791021Z",
      "stabilities": [
        "unstable"
      ],
      "unfree": false,
      "version": "1.88.0",
      "outputs_to_install": [
        "out"
      ],
      "outputs": {
        "out": "/nix/store/8kwb2jmbf9xjhr18nw8sa66c0kivsqc4-cargo-1.88.0"
      },
      "system": "x86_64-darwin",
      "group": "toplevel",
      "priority": 5
    },
    {
      "attr_path": "cargo",
      "broken": false,
      "derivation": "/nix/store/bz3dslm505q0dnxs2ccgcx7ar78d23kp-cargo-1.88.0.drv",
      "description": "Downloads your Rust project's dependencies and builds your project",
      "install_id": "cargo",
      "license": "[ MIT, Apache-2.0 ]",
      "locked_url": "https://github.com/flox/nixpkgs?rev=5b09dc45f24cf32316283e62aec81ffee3c3e376",
      "name": "cargo-1.88.0",
      "pname": "cargo",
      "rev": "5b09dc45f24cf32316283e62aec81ffee3c3e376",
      "rev_count": 838708,
      "rev_date": "2025-08-03T09:47:33Z",
      "scrape_date": "2025-08-05T01:32:57.326551Z",
      "stabilities": [
        "unstable"
      ],
      "unfree": false,
      "version": "1.88.0",
      "outputs_to_install": [
        "out"
      ],
      "outputs": {
        "out": "/nix/store/kg6psfcz4vjcvv8bpyvw422vrndrcq50-cargo-1.88.0"
      },
      "system": "x86_64-linux",
      "group": "toplevel",
      "priority": 5
    },
    {
      "attr_path": "mdbook",
      "broken": false,
      "derivation": "/nix/store/6p4zk6mfadlkwsykafl428w9hdb9przh-mdbook-0.4.52.drv",
      "description": "Create books from MarkDown",
      "install_id": "mdbook",
      "license": "[ MPL-2.0 ]",
      "locked_url": "https://github.com/flox/nixpkgs?rev=5b09dc45f24cf32316283e62aec81ffee3c3e376",
      "name": "mdbook-0.4.52",
      "pname": "mdbook",
      "rev": "5b09dc45f24cf32316283e62aec81ffee3c3e376",
      "rev_count": 838708,
      "rev_date": "2025-08-03T09:47:33Z",
      "scrape_date": "2025-08-05T00:29:23.385721Z",
      "stabilities": [
        "unstable"
      ],
      "unfree": false,
      "version": "0.4.52",
      "outputs_to_install": [
        "out"
      ],
      "outputs": {
        "out": "/nix/store/jl9rp01wnmnyicl8xl4kga7czjqrkl1x-mdbook-0.4.52"
      },
      "system": "aarch64-darwin",
      "group": "toplevel",
      "priority": 5
    },
    {
      "attr_path": "mdbook",
      "broken": false,
      "derivation": "/nix/store/pjgvdzaq3xvvb4mbc9ibzs5hnbb3ahnr-mdbook-0.4.52.drv",
      "description": "Create books from MarkDown",
      "install_id": "mdbook",
      "license": "[ MPL-2.0 ]",
      "locked_url": "https://github.com/flox/nixpkgs?rev=5b09dc45f24cf32316283e62aec81ffee3c3e376",
      "name": "mdbook-0.4.52",
      "pname": "mdbook",
      "rev": "5b09dc45f24cf32316283e62aec81ffee3c3e376",
      "rev_count": 838708,
      "rev_date": "2025-08-03T09:47:33Z",
      "scrape_date": "2025-08-05T00:49:23.801871Z",
      "stabilities": [
        "unstable"
      ],
      "unfree": false,
      "version": "0.4.52",
      "outputs_to_install": [
        "out"
      ],
      "outputs": {
        "out": "/nix/store/34lf0nlbg7lik3gyfaxfkmpkn4fw0f3l-mdbook-0.4.52"
      },
      "system": "aarch64-linux",
      "group": "toplevel",
      "priority": 5
    },
    {
      "attr_path": "mdbook",
      "broken": false,
      "derivation": "/nix/store/bvwdhvfqwmz7xlvcxbayya83y04b5m2w-mdbook-0.4.52.drv",
      "description": "Create books from MarkDown",
      "install_id": "mdbook",
      "license": "[ MPL-2.0 ]",
      "locked_url": "https://github.com/flox/nixpkgs?rev=5b09dc45f24cf32316283e62aec81ffee3c3e376",
      "name": "mdbook-0.4.52",
      "pname": "mdbook",
      "rev": "5b09dc45f24cf32316283e62aec81ffee3c3e376",
      "rev_count": 838708,
      "rev_date": "2025-08-03T09:47:33Z",
      "scrape_date": "2025-08-05T01:08:51.598998Z",
      "stabilities": [
        "unstable"
      ],
      "unfree": false,
      "version": "0.4.52",
      "outputs_to_install": [
        "out"
      ],
      "outputs": {
        "out": "/nix/store/ijlciiwgas2kdimjwlb492h4c9qv2bgk-mdbook-0.4.52"
      },
      "system": "x86_64-darwin",
      "group": "toplevel",
      "priority": 5
    },
    {
      "attr_path": "mdbook",
      "broken": false,
      "derivation": "/nix/store/crcizy5aa7nls0xzhik6g5l6894rav3k-mdbook-0.4.52.drv",
      "description": "Create books from MarkDown",
      "install_id": "mdbook",
      "license": "[ MPL-2.0 ]",
      "locked_url": "https://github.com/flox/nixpkgs?rev=5b09dc45f24cf32316283e62aec81ffee3c3e376",
      "name": "mdbook-0.4.52",
      "pname": "mdbook",
      "rev": "5b09dc45f24cf32316283e62aec81ffee3c3e376",
      "rev_count": 838708,
      "rev_date": "2025-08-03T09:47:33Z",
      "scrape_date": "2025-08-05T01:33:08.306960Z",
      "stabilities": [
        "unstable"
      ],
      "unfree": false,
      "version": "0.4.52",
      "outputs_to_install": [
        "out"
      ],
      "outputs": {
        "out": "/nix/store/2dx5ga6rcamh9a9adcfhisnyddhgg1w2-mdbook-0.4.52"
      },
      "system": "x86_64-linux",
      "group": "toplevel",
      "priority": 5
    },
    {
      "attr_path": "rustc",
      "broken": false,
      "derivation": "/nix/store/36il1x268jlgfjr5vhy990jvg199415d-rustc-wrapper-1.88.0.drv",
      "description": "Safe, concurrent, practical language (wrapper script)",
      "install_id": "rustc",
      "license": "[ MIT, Apache-2.0 ]",
      "locked_url": "https://github.com/flox/nixpkgs?rev=5b09dc45f24cf32316283e62aec81ffee3c3e376",
      "name": "rustc-wrapper-1.88.0",
      "pname": "rustc",
      "rev": "5b09dc45f24cf32316283e62aec81ffee3c3e376",
      "rev_count": 838708,
      "rev_date": "2025-08-03T09:47:33Z",
      "scrape_date": "2025-08-05T00:29:54.862637Z",
      "stabilities": [
        "unstable"
      ],
      "unfree": false,
      "version": "1.88.0",
      "outputs_to_install": [
        "man",
        "out"
      ],
      "outputs": {
        "doc": "/nix/store/43jx4b5a1vzns6rlrm869zqzdkn2kfsz-rustc-wrapper-1.88.0-doc",
        "man": "/nix/store/zjq6arkcmxgl6ghjrwg57ay2m0qsjcbj-rustc-wrapper-1.88.0-man",
        "out": "/nix/store/3skm2cmdy8g31xbqz169lzsb7x9dvrk6-rustc-wrapper-1.88.0"
      },
      "system": "aarch64-darwin",
      "group": "toplevel",
      "priority": 5
    },
    {
      "attr_path": "rustc",
      "broken": false,
      "derivation": "/nix/store/aawy96a19hchqai03i2i7rq73n8jbjqb-rustc-wrapper-1.88.0.drv",
      "description": "Safe, concurrent, practical language (wrapper script)",
      "install_id": "rustc",
      "license": "[ MIT, Apache-2.0 ]",
      "locked_url": "https://github.com/flox/nixpkgs?rev=5b09dc45f24cf32316283e62aec81ffee3c3e376",
      "name": "rustc-wrapper-1.88.0",
      "pname": "rustc",
      "rev": "5b09dc45f24cf32316283e62aec81ffee3c3e376",
      "rev_count": 838708,
      "rev_date": "2025-08-03T09:47:33Z",
      "scrape_date": "2025-08-05T00:50:14.240246Z",
      "stabilities": [
        "unstable"
      ],
      "unfree": false,
      "version": "1.88.0",
      "outputs_to_install": [
        "man",
        "out"
      ],
      "outputs": {
        "doc": "/nix/store/a8m2n4byzxff2738rgynhk4m7m4z7lmh-rustc-wrapper-1.88.0-doc",
        "man": "/nix/store/39wlbfwhafzqqz4ivj126sxphfzsgd3s-rustc-wrapper-1.88.0-man",
        "out": "/nix/store/3w2lyncwvbic72pjch38830c6090fmpq-rustc-wrapper-1.88.0"
      },
      "system": "aarch64-linux",
      "group": "toplevel",
      "priority": 5
    },
    {
      "attr_path": "rustc",
      "broken": false,
      "derivation": "/nix/store/s089aib2xyzn1k3y86zgvmzsrwqypc1a-rustc-wrapper-1.88.0.drv",
      "description": "Safe, concurrent, practical language (wrapper script)",
      "install_id": "rustc",
      "license": "[ MIT, Apache-2.0 ]",
      "locked_url": "https://github.com/flox/nixpkgs?rev=5b09dc45f24cf32316283e62aec81ffee3c3e376",
      "name": "rustc-wrapper-1.88.0",
      "pname": "rustc",
      "rev": "5b09dc45f24cf32316283e62aec81ffee3c3e376",
      "rev_count": 838708,
      "rev_date": "2025-08-03T09:47:33Z",
      "scrape_date": "2025-08-05T01:09:22.982447Z",
      "stabilities": [
        "unstable"
      ],
      "unfree": false,
      "version": "1.88.0",
      "outputs_to_install": [
        "man",
        "out"
      ],
      "outputs": {
        "doc": "/nix/store/bilr4glals1gdaa4fvqdd43sm233z1v7-rustc-wrapper-1.88.0-doc",
        "man": "/nix/store/g3sc5lw4c2f7gpxzdhrd5wjr0ddv0cig-rustc-wrapper-1.88.0-man",
        "out": "/nix/store/m0kv84sl58xd11fms81yl7ks5a6203zr-rustc-wrapper-1.88.0"
      },
      "system": "x86_64-darwin",
      "group": "toplevel",
      "priority": 5
    },
    {
      "attr_path": "rustc",
      "broken": false,
      "derivation": "/nix/store/a07x09yac1pjzbcb5jz7qahypq98xy65-rustc-wrapper-1.88.0.drv",
      "description": "Safe, concurrent, practical language (wrapper script)",
      "install_id": "rustc",
      "license": "[ MIT, Apache-2.0 ]",
      "locked_url": "https://github.com/flox/nixpkgs?rev=5b09dc45f24cf32316283e62aec81ffee3c3e376",
      "name": "rustc-wrapper-1.88.0",
      "pname": "rustc",
      "rev": "5b09dc45f24cf32316283e62aec81ffee3c3e376",
      "rev_count": 838708,
      "rev_date": "2025-08-03T09:47:33Z",
      "scrape_date": "2025-08-05T01:33:59.896807Z",
      "stabilities": [
        "unstable"
      ],
      "unfree": false,
      "version": "1.88.0",
      "outputs_to_install": [
        "man",
        "out"
      ],
      "outputs": {
        "doc": "/nix/store/3hjn39rypqbfavrw0mc1whgz186isysr-rustc-wrapper-1.88.0-doc",
        "man": "/nix/store/y9vhsm8q6s0p6by0wy27j2fv2w7nb3r6-rustc-wrapper-1.88.0-man",
        "out": "/nix/store/i19xh91f80g01v4ad3x363g4538z2qx9-rustc-wrapper-1.88.0"
      },
      "system": "x86_64-linux",
      "group": "toplevel",
      "priority": 5
    }
  ]
}